
Microsoft Visual Studio Solution File, Format Version 12.00
# Visual Studio Version 17
VisualStudioVersion = 17.6.33815.320
MinimumVisualStudioVersion = 10.0.40219.1
Project("{9A19103F-16F7-4668-BE54-9A1E7A4F7556}") = "BillManager", "BillManager\BillManager.csproj", "{8E2EA3C2-1288-40CC-82E6-805CB6058A04}"
EndProject
Project("{2150E333-8FDC-42A3-9474-1A3956D46DE8}") = "Solution Items", "Solution Items", "{3C933FA4-B8F5-4BEE-80CE-2A573B75E2A6}"
EndProject
Global
	GlobalSection(SolutionConfigurationPlatforms) = preSolution
		Debug|Any CPU = Debug|Any CPU
		Release|Any CPU = Release|Any CPU
	EndGlobalSection
	GlobalSection(ProjectConfigurationPlatforms) = postSolution
		{8E2EA3C2-1288-40CC-82E6-805CB6058A04}.Debug|Any CPU.ActiveCfg = Debug|Any CPU
		{8E2EA3C2-1288-40CC-82E6-805CB6058A04}.Debug|Any CPU.Build.0 = Debug|Any CPU
		{8E2EA3C2-1288-40CC-82E6-805CB6058A04}.Debug|Any CPU.Deploy.0 = Debug|Any CPU
		{8E2EA3C2-1288-40CC-82E6-805CB6058A04}.Release|Any CPU.ActiveCfg = Release|Any CPU
		{8E2EA3C2-1288-40CC-82E6-805CB6058A04}.Release|Any CPU.Build.0 = Release|Any CPU
	EndGlobalSection
	GlobalSection(SolutionProperties) = preSolution
		HideSolutionNode = FALSE
	EndGlobalSection
	GlobalSection(ExtensibilityGlobals) = postSolution
		SolutionGuid = {0B2310E7-1859-4CEA-A5FD-2845B485340D}
	EndGlobalSection
EndGlobal
